{
  "name": "simple-avatar-generator",
  "version": "1.1.5",
  "lockfileVersion": 2,
  "requires": true,
  "packages": {
    "": {
      "name": "simple-avatar-generator",
      "version": "1.1.5",
      "license": "ISC",
      "dependencies": {
        "@types/node": "^16.7.4"
      },
      "devDependencies": {}
    },
    "node_modules/@types/node": {
      "version": "16.7.4",
      "resolved": "https://registry.npmjs.org/@types/node/-/node-16.7.4.tgz",
      "integrity": "sha512-25QXpDsTiDnl2rZGUenagVMwO46way8dOUdvoC3R3p+6TrbpxeJBo/v87BEG1IHI31Jhaa8lPeSHcqwxsVBeYQ=="
    }
  },
  "dependencies": {
    "@types/node": {
      "version": "16.7.4",
      "resolved": "https://registry.npmjs.org/@types/node/-/node-16.7.4.tgz",
      "integrity": "sha512-25QXpDsTiDnl2rZGUenagVMwO46way8dOUdvoC3R3p+6TrbpxeJBo/v87BEG1IHI31Jhaa8lPeSHcqwxsVBeYQ=="
    }
  }
}
